
Microsoft Visual Studio Solution File, Format Version 12.00
# Visual Studio Version 17
VisualStudioVersion = 17.11.35303.130
MinimumVisualStudioVersion = 10.0.40219.1
Project("{FAE04EC0-301F-11D3-BF4B-00C04F79EFBC}") = "MercuryBackend12345", "MercuryBackend12345\MercuryBackend12345.csproj", "{249DD1C5-324E-469E-BFD0-DDC1CEE3E5DC}"
EndProject
Global
	GlobalSection(SolutionConfigurationPlatforms) = preSolution
		Debug|Any CPU = Debug|Any CPU
		Release|Any CPU = Release|Any CPU
	EndGlobalSection
	GlobalSection(ProjectConfigurationPlatforms) = postSolution
		{249DD1C5-324E-469E-BFD0-DDC1CEE3E5DC}.Debug|Any CPU.ActiveCfg = Debug|Any CPU
		{249DD1C5-324E-469E-BFD0-DDC1CEE3E5DC}.Debug|Any CPU.Build.0 = Debug|Any CPU
		{249DD1C5-324E-469E-BFD0-DDC1CEE3E5DC}.Release|Any CPU.ActiveCfg = Release|Any CPU
		{249DD1C5-324E-469E-BFD0-DDC1CEE3E5DC}.Release|Any CPU.Build.0 = Release|Any CPU
	EndGlobalSection
	GlobalSection(SolutionProperties) = preSolution
		HideSolutionNode = FALSE
	EndGlobalSection
	GlobalSection(ExtensibilityGlobals) = postSolution
		SolutionGuid = {D45B3F5A-63BE-4BC8-A68A-8B8B6E35E8EE}
	EndGlobalSection
EndGlobal
